
Microsoft Visual Studio Solution File, Format Version 12.00
# Visual Studio 15
VisualStudioVersion = 15.0.27428.2027
MinimumVisualStudioVersion = 10.0.40219.1
Project("{FAE04EC0-301F-11D3-BF4B-00C04F79EFBC}") = "SistemaInformacionAeroeste", "SistemaInformacionAeroeste\SistemaInformacionAeroeste.csproj", "{D104434A-CC74-4B12-8716-8E9823D01496}"
EndProject
Global
	GlobalSection(SolutionConfigurationPlatforms) = preSolution
		Debug|Any CPU = Debug|Any CPU
		Release|Any CPU = Release|Any CPU
	EndGlobalSection
	GlobalSection(ProjectConfigurationPlatforms) = postSolution
		{D104434A-CC74-4B12-8716-8E9823D01496}.Debug|Any CPU.ActiveCfg = Debug|Any CPU
		{D104434A-CC74-4B12-8716-8E9823D01496}.Debug|Any CPU.Build.0 = Debug|Any CPU
		{D104434A-CC74-4B12-8716-8E9823D01496}.Release|Any CPU.ActiveCfg = Release|Any CPU
		{D104434A-CC74-4B12-8716-8E9823D01496}.Release|Any CPU.Build.0 = Release|Any CPU
	EndGlobalSection
	GlobalSection(SolutionProperties) = preSolution
		HideSolutionNode = FALSE
	EndGlobalSection
	GlobalSection(ExtensibilityGlobals) = postSolution
		SolutionGuid = {14DACECC-5BC0-4EAF-957B-AA4D47ED31CF}
	EndGlobalSection
EndGlobal
